
Microsoft Visual Studio Solution File, Format Version 12.00
# Visual Studio Version 16
VisualStudioVersion = 16.0.29728.190
MinimumVisualStudioVersion = 10.0.40219.1
Project("{9A19103F-16F7-4668-BE54-9A1E7A4F7556}") = "MathAlgNet.Matrix", "src\MathAlgNet.Matrix\MathAlgNet.Matrix.csproj", "{A6C4C917-83A3-47BF-9E33-0DCE66622494}"
EndProject
Project("{2150E333-8FDC-42A3-9474-1A3956D46DE8}") = "tests", "tests", "{C40EE53E-FB2E-4FBC-A252-6D520D0D645C}"
EndProject
Project("{2150E333-8FDC-42A3-9474-1A3956D46DE8}") = "demo", "demo", "{1E50B2B7-1E07-4A2B-87BF-E1E89F13B2BA}"
EndProject
Project("{FAE04EC0-301F-11D3-BF4B-00C04F79EFBC}") = "MathAlgNet.Matrix.UnitTests", "tests\MathAlgNet.Matrix.UnitTests\MathAlgNet.Matrix.UnitTests.csproj", "{625955EA-2927-4FB3-BC04-558DBADFF665}"
EndProject
Project("{FAE04EC0-301F-11D3-BF4B-00C04F79EFBC}") = "MathAlgNet.Viewer", "demo\MathAlgNet.Viewer\MathAlgNet.Viewer.csproj", "{BBFD164B-E209-4407-A1F1-6E7AAC800F9B}"
EndProject
Global
	GlobalSection(SolutionConfigurationPlatforms) = preSolution
		Debug|Any CPU = Debug|Any CPU
		Release|Any CPU = Release|Any CPU
	EndGlobalSection
	GlobalSection(ProjectConfigurationPlatforms) = postSolution
		{A6C4C917-83A3-47BF-9E33-0DCE66622494}.Debug|Any CPU.ActiveCfg = Debug|Any CPU
		{A6C4C917-83A3-47BF-9E33-0DCE66622494}.Debug|Any CPU.Build.0 = Debug|Any CPU
		{A6C4C917-83A3-47BF-9E33-0DCE66622494}.Release|Any CPU.ActiveCfg = Release|Any CPU
		{A6C4C917-83A3-47BF-9E33-0DCE66622494}.Release|Any CPU.Build.0 = Release|Any CPU
		{625955EA-2927-4FB3-BC04-558DBADFF665}.Debug|Any CPU.ActiveCfg = Debug|Any CPU
		{625955EA-2927-4FB3-BC04-558DBADFF665}.Debug|Any CPU.Build.0 = Debug|Any CPU
		{625955EA-2927-4FB3-BC04-558DBADFF665}.Release|Any CPU.ActiveCfg = Release|Any CPU
		{625955EA-2927-4FB3-BC04-558DBADFF665}.Release|Any CPU.Build.0 = Release|Any CPU
		{BBFD164B-E209-4407-A1F1-6E7AAC800F9B}.Debug|Any CPU.ActiveCfg = Debug|Any CPU
		{BBFD164B-E209-4407-A1F1-6E7AAC800F9B}.Debug|Any CPU.Build.0 = Debug|Any CPU
		{BBFD164B-E209-4407-A1F1-6E7AAC800F9B}.Release|Any CPU.ActiveCfg = Release|Any CPU
		{BBFD164B-E209-4407-A1F1-6E7AAC800F9B}.Release|Any CPU.Build.0 = Release|Any CPU
	EndGlobalSection
	GlobalSection(SolutionProperties) = preSolution
		HideSolutionNode = FALSE
	EndGlobalSection
	GlobalSection(NestedProjects) = preSolution
		{625955EA-2927-4FB3-BC04-558DBADFF665} = {C40EE53E-FB2E-4FBC-A252-6D520D0D645C}
		{BBFD164B-E209-4407-A1F1-6E7AAC800F9B} = {1E50B2B7-1E07-4A2B-87BF-E1E89F13B2BA}
	EndGlobalSection
	GlobalSection(ExtensibilityGlobals) = postSolution
		SolutionGuid = {95F3523D-20AC-41EA-8E0C-8063D49DA528}
	EndGlobalSection
EndGlobal
